DEPENDENCIES
  codeception
    path: ../codeception
  composer
    path: ../composer
  config
    path: ../config
  curl
    path: ../curl
  git
    path: ../git
  init
    path: ../init
  liquibase
    path: ../liquibase
  mongodb
    path: ../mongodb
  mysql
    path: ../mysql
  nginx
    path: ../nginx
  php
    path: ../php
  tools
    path: ../tools
  xdebug
    path: ../xdebug

GRAPH
  codeception (0.1.0)
  composer (0.1.0)
  config (0.1.0)
  curl (0.1.0)
  git (0.1.0)
  init (0.1.0)
  liquibase (0.1.0)
  mongodb (0.1.0)
    init (>= 0.0.0)
    php (>= 0.0.0)
  mysql (0.1.0)
  nginx (0.1.0)
    init (>= 0.0.0)
  php (0.1.0)
    init (>= 0.0.0)
  tools (0.1.0)
  xdebug (0.1.0)
    php (>= 0.0.0)
